// !$*UTF8*$!
{
	archiveVersion = 1;
	classes = {
	};
	objectVersion = 77;
	objects = {

/* Begin PBXContainerItemProxy section */
		9CAE3F202F7CC8A300AA0414 /* PBXContainerItemProxy */ = {
			isa = PBXContainerItemProxy;
			containerPortal = 9CAE3F082F7CC8A200AA0414 /* Project object */;
			proxyType = 1;
			remoteGlobalIDString = 9CAE3F0F2F7CC8A200AA0414;
			remoteInfo = "LIFE-IN-SYNC";
		};
		9CAE3F2A2F7CC8A300AA0414 /* PBXContainerItemProxy */ = {
			isa = PBXContainerItemProxy;
			containerPortal = 9CAE3F082F7CC8A200AA0414 /* Project object */;
			proxyType = 1;
			remoteGlobalIDString = 9CAE3F0F2F7CC8A200AA0414;
			remoteInfo = "LIFE-IN-SYNC";
		};
/* End PBXContainerItemProxy section */

/* Begin PBXFileReference section */
		9CAE3F102F7CC8A200AA0414 /* LIFE-IN-SYNC.app */ = {isa = PBXFileReference; explicitFileType = wrapper.application; includeInIndex = 0; path = "LIFE-IN-SYNC.app"; sourceTree = BUILT_PRODUCTS_DIR; };
		9CAE3F1F2F7CC8A300AA0414 /* LIFE-IN-SYNCTests.xctest */ = {isa = PBXFileReference; explicitFileType = wrapper.cfbundle; includeInIndex = 0; path = "LIFE-IN-SYNCTests.xctest"; sourceTree = BUILT_PRODUCTS_DIR; };
		9CAE3F292F7CC8A300AA0414 /* LIFE-IN-SYNCUITests.xctest */ = {isa = PBXFileReference; explicitFileType = wrapper.cfbundle; includeInIndex = 0; path = "LIFE-IN-SYNCUITests.xctest"; sourceTree = BUILT_PRODUCTS_DIR; };
		9CAE3F5A2F7F490300AA0414 /* LIFE-IN-SYNC.xctestplan */ = {isa = PBXFileReference; lastKnownFileType = text; path = "LIFE-IN-SYNC.xctestplan"; sourceTree = "<group>"; };
/* End PBXFileReference section */

/* Begin PBXFileSystemSynchronizedRootGroup section */
		9CAE3F122F7CC8A200AA0414 /* LIFE-IN-SYNC */ = {
			isa = PBXFileSystemSynchronizedRootGroup;
			path = "LIFE-IN-SYNC";
			sourceTree = "<group>";
		};
		9CAE3F222F7CC8A300AA0414 /* LIFE-IN-SYNCTests */ = {
			isa = PBXFileSystemSynchronizedRootGroup;
			path = "LIFE-IN-SYNCTests";
			sourceTree = "<group>";
		};
		9CAE3F2C2F7CC8A300AA0414 /* LIFE-IN-SYNCUITests */ = {
			isa = PBXFileSystemSynchronizedRootGroup;
			path = "LIFE-IN-SYNCUITests";
			sourceTree = "<group>";
		};
/* End PBXFileSystemSynchronizedRootGroup section */

/* Begin PBXFrameworksBuildPhase section */
		9CAE3F0D2F7CC8A200AA0414 /* Frameworks */ = {
			isa = PBXFrameworksBuildPhase;
			buildActionMask = 2147483647;
			files = (
			);
			runOnlyForDeploymentPostprocessing = 0;
		};
		9CAE3F1C2F7CC8A300AA0414 /* Frameworks */ = {
			isa = PBXFrameworksBuildPhase;
			buildActionMask = 2147483647;
			files = (
			);
			runOnlyForDeploymentPostprocessing = 0;
		};
		9CAE3F262F7CC8A300AA0414 /* Frameworks */ = {
			isa = PBXFrameworksBuildPhase;
			buildActionMask = 2147483647;
			files = (
			);
			runOnlyForDeploymentPostprocessing = 0;
		};
/* End PBXFrameworksBuildPhase section */

/* Begin PBXGroup section */
		9CAE3F072F7CC8A200AA0414 = {
			isa = PBXGroup;
			children = (
				9CAE3F5A2F7F490300AA0414 /* LIFE-IN-SYNC.xctestplan */,
				9CAE3F122F7CC8A200AA0414 /* LIFE-IN-SYNC */,
				9CAE3F222F7CC8A300AA0414 /* LIFE-IN-SYNCTests */,
				9CAE3F2C2F7CC8A300AA0414 /* LIFE-IN-SYNCUITests */,
				9CAE3F112F7CC8A200AA0414 /* Products */,
			);
			sourceTree = "<group>";
		};
		9CAE3F112F7CC8A200AA0414 /* Products */ = {
			isa = PBXGroup;
			children = (
				9CAE3F102F7CC8A200AA0414 /* LIFE-IN-SYNC.app */,
				9CAE3F1F2F7CC8A300AA0414 /* LIFE-IN-SYNCTests.xctest */,
				9CAE3F292F7CC8A300AA0414 /* LIFE-IN-SYNCUITests.xctest */,
			);
			name = Products;
			sourceTree = "<group>";
		};
/* End PBXGroup section */

/* Begin PBXNativeTarget section */
		9CAE3F0F2F7CC8A200AA0414 /* LIFE-IN-SYNC */ = {
			isa = PBXNativeTarget;
			buildConfigurationList = 9CAE3F332F7CC8A300AA0414 /* Build configuration list for PBXNativeTarget "LIFE-IN-SYNC" */;
			buildPhases = (
				9CAE3F0C2F7CC8A200AA0414 /* Sources */,
				9CAE3F0D2F7CC8A200AA0414 /* Frameworks */,
				9CAE3F0E2F7CC8A200AA0414 /* Resources */,
			);
			buildRules = (
			);
			dependencies = (
			);
			fileSystemSynchronizedGroups = (
				9CAE3F122F7CC8A200AA0414 /* LIFE-IN-SYNC */,
			);
			name = "LIFE-IN-SYNC";
			packageProductDependencies = (
			);
			productName = "LIFE-IN-SYNC";
			productReference = 9CAE3F102F7CC8A200AA0414 /* LIFE-IN-SYNC.app */;
			productType = "com.apple.product-type.application";
		};
		9CAE3F1E2F7CC8A300AA0414 /* LIFE-IN-SYNCTests */ = {
			isa = PBXNativeTarget;
			buildConfigurationList = 9CAE3F362F7CC8A300AA0414 /* Build configuration list for PBXNativeTarget "LIFE-IN-SYNCTests" */;
			buildPhases = (
				9CAE3F1B2F7CC8A300AA0414 /* Sources */,
				9CAE3F1C2F7CC8A300AA0414 /* Frameworks */,
				9CAE3F1D2F7CC8A300AA0414 /* Resources */,
			);
			buildRules = (
			);
			dependencies = (
				9CAE3F212F7CC8A300AA0414 /* PBXTargetDependency */,
			);
			fileSystemSynchronizedGroups = (
				9CAE3F222F7CC8A300AA0414 /* LIFE-IN-SYNCTests */,
			);
			name = "LIFE-IN-SYNCTests";
			packageProductDependencies = (
			);
			productName = "LIFE-IN-SYNCTests";
			productReference = 9CAE3F1F2F7CC8A300AA0414 /* LIFE-IN-SYNCTests.xctest */;
			productType = "com.apple.product-type.bundle.unit-test";
		};
		9CAE3F282F7CC8A300AA0414 /* LIFE-IN-SYNCUITests */ = {
			isa = PBXNativeTarget;
			buildConfigurationList = 9CAE3F392F7CC8A300AA0414 /* Build configuration list for PBXNativeTarget "LIFE-IN-SYNCUITests" */;
			buildPhases = (
				9CAE3F252F7CC8A300AA0414 /* Sources */,
				9CAE3F262F7CC8A300AA0414 /* Frameworks */,
				9CAE3F272F7CC8A300AA0414 /* Resources */,
			);
			buildRules = (
			);
			dependencies = (
				9CAE3F2B2F7CC8A300AA0414 /* PBXTargetDependency */,
			);
			fileSystemSynchronizedGroups = (
				9CAE3F2C2F7CC8A300AA0414 /* LIFE-IN-SYNCUITests */,
			);
			name = "LIFE-IN-SYNCUITests";
			packageProductDependencies = (
			);
			productName = "LIFE-IN-SYNCUITests";
			productReference = 9CAE3F292F7CC8A300AA0414 /* LIFE-IN-SYNCUITests.xctest */;
			productType = "com.apple.product-type.bundle.ui-testing";
		};
/* End PBXNativeTarget section */

/* Begin PBXProject section */
		9CAE3F082F7CC8A200AA0414 /* Project object */ = {
			isa = PBXProject;
			attributes = {
				BuildIndependentTargetsInParallel = 1;
				LastSwiftUpdateCheck = 2640;
				LastUpgradeCheck = 2640;
				TargetAttributes = {
					9CAE3F0F2F7CC8A200AA0414 = {
						CreatedOnToolsVersion = 26.4;
					};
					9CAE3F1E2F7CC8A300AA0414 = {
						CreatedOnToolsVersion = 26.4;
						TestTargetID = 9CAE3F0F2F7CC8A200AA0414;
					};
					9CAE3F282F7CC8A300AA0414 = {
						CreatedOnToolsVersion = 26.4;
						TestTargetID = 9CAE3F0F2F7CC8A200AA0414;
					};
				};
			};
			buildConfigurationList = 9CAE3F0B2F7CC8A200AA0414 /* Build configuration list for PBXProject "LIFE-IN-SYNC" */;
			developmentRegion = en;
			hasScannedForEncodings = 0;
			knownRegions = (
				en,
				Base,
			);
			mainGroup = 9CAE3F072F7CC8A200AA0414;
			minimizedProjectReferenceProxies = 1;
			preferredProjectObjectVersion = 77;
			productRefGroup = 9CAE3F112F7CC8A200AA0414 /* Products */;
			projectDirPath = "";
			projectRoot = "";
			targets = (
				9CAE3F0F2F7CC8A200AA0414 /* LIFE-IN-SYNC */,
				9CAE3F1E2F7CC8A300AA0414 /* LIFE-IN-SYNCTests */,
				9CAE3F282F7CC8A300AA0414 /* LIFE-IN-SYNCUITests */,
			);
		};
/* End PBXProject section */

/* Begin PBXResourcesBuildPhase section */
		9CAE3F0E2F7CC8A200AA0414 /* Resources */ = {
			isa = PBXResourcesBuildPhase;
			buildActionMask = 2147483647;
			files = (
			);
			runOnlyForDeploymentPostprocessing = 0;
		};
		9CAE3F1D2F7CC8A300AA0414 /* Resources */ = {
			isa = PBXResourcesBuildPhase;
			buildActionMask = 2147483647;
			files = (
			);
			runOnlyForDeploymentPostprocessing = 0;
		};
		9CAE3F272F7CC8A300AA0414 /* Resources */ = {
			isa = PBXResourcesBuildPhase;
			buildActionMask = 2147483647;
			files = (
			);
			runOnlyForDeploymentPostprocessing = 0;
		};
/* End PBXResourcesBuildPhase section */

/* Begin PBXSourcesBuildPhase section */
		9CAE3F0C2F7CC8A200AA0414 /* Sources */ = {
			isa = PBXSourcesBuildPhase;
			buildActionMask = 2147483647;
			files = (
			);
			runOnlyForDeploymentPostprocessing = 0;
		};
		9CAE3F1B2F7CC8A300AA0414 /* Sources */ = {
			isa = PBXSourcesBuildPhase;
			buildActionMask = 2147483647;
			files = (
			);
			runOnlyForDeploymentPostprocessing = 0;
		};
		9CAE3F252F7CC8A300AA0414 /* Sources */ = {
			isa = PBXSourcesBuildPhase;
			buildActionMask = 2147483647;
			files = (
			);
			runOnlyForDeploymentPostprocessing = 0;
		};
/* End PBXSourcesBuildPhase section */

/* Begin PBXTargetDependency section */
		9CAE3F212F7CC8A300AA0414 /* PBXTargetDependency */ = {
			isa = PBXTargetDependency;
			target = 9CAE3F0F2F7CC8A200AA0414 /* LIFE-IN-SYNC */;
			targetProxy = 9CAE3F202F7CC8A300AA0414 /* PBXContainerItemProxy */;
		};
		9CAE3F2B2F7CC8A300AA0414 /* PBXTargetDependency */ = {
			isa = PBXTargetDependency;
			target = 9CAE3F0F2F7CC8A200AA0414 /* LIFE-IN-SYNC */;
			targetProxy = 9CAE3F2A2F7CC8A300AA0414 /* PBXContainerItemProxy */;
		};
/* End PBXTargetDependency section */

/* Begin XCBuildConfiguration section */
		9CAE3F312F7CC8A300AA0414 /* Debug */ = {
			isa = XCBuildConfiguration;
			buildSettings = {
				ALWAYS_SEARCH_USER_PATHS = NO;
				ASSETCATALOG_COMPILER_GENERATE_SWIFT_ASSET_SYMBOL_EXTENSIONS = YES;
				CLANG_ANALYZER_NONNULL = YES;
				CLANG_ANALYZER_NUMBER_OBJECT_CONVERSION = YES_AGGRESSIVE;
				CLANG_CXX_LANGUAGE_STANDARD = "gnu++20";
				CLANG_ENABLE_MODULES = YES;
				CLANG_ENABLE_OBJC_ARC = YES;
				CLANG_ENABLE_OBJC_WEAK = YES;
				CLANG_WARN_BLOCK_CAPTURE_AUTORELEASING = YES;
				CLANG_WARN_BOOL_CONVERSION = YES;
				CLANG_WARN_COMMA = YES;
				CLANG_WARN_CONSTANT_CONVERSION = YES;
				CLANG_WARN_DEPRECATED_OBJC_IMPLEMENTATIONS = YES;
				CLANG_WARN_DIRECT_OBJC_ISA_USAGE = YES_ERROR;
				CLANG_WARN_DOCUMENTATION_COMMENTS = YES;
				CLANG_WARN_EMPTY_BODY = YES;
				CLANG_WARN_ENUM_CONVERSION = YES;
				CLANG_WARN_INFINITE_RECURSION = YES;
				CLANG_WARN_INT_CONVERSION = YES;
				CLANG_WARN_NON_LITERAL_NULL_CONVERSION = YES;
				CLANG_WARN_OBJC_IMPLICIT_RETAIN_SELF = YES;
				CLANG_WARN_OBJC_LITERAL_CONVERSION = YES;
				CLANG_WARN_OBJC_ROOT_CLASS = YES_ERROR;
				CLANG_WARN_QUOTED_INCLUDE_IN_FRAMEWORK_HEADER = YES;
				CLANG_WARN_RANGE_LOOP_ANALYSIS = YES;
				CLANG_WARN_STRICT_PROTOTYPES = YES;
				CLANG_WARN_SUSPICIOUS_MOVE = YES;
				CLANG_WARN_UNGUARDED_AVAILABILITY = YES_AGGRESSIVE;
				CLANG_WARN_UNREACHABLE_CODE = YES;
				CLANG_WARN__DUPLICATE_METHOD_MATCH = YES;
				COPY_PHASE_STRIP = NO;
				DEBUG_INFORMATION_FORMAT = dwarf;
				ENABLE_STRICT_OBJC_MSGSEND = YES;
				ENABLE_TESTABILITY = YES;
				ENABLE_USER_SCRIPT_SANDBOXING = YES;
				GCC_C_LANGUAGE_STANDARD = gnu17;
				GCC_DYNAMIC_NO_PIC = NO;
				GCC_NO_COMMON_BLOCKS = YES;
				GCC_OPTIMIZATION_LEVEL = 0;
				GCC_PREPROCESSOR_DEFINITIONS = (
					"DEBUG=1",
					"$(inherited)",
				);
				GCC_WARN_64_TO_32_BIT_CONVERSION = YES;
				GCC_WARN_ABOUT_RETURN_TYPE = YES_ERROR;
				GCC_WARN_UNDECLARED_SELECTOR = YES;
				GCC_WARN_UNINITIALIZED_AUTOS = YES_AGGRESSIVE;
				GCC_WARN_UNUSED_FUNCTION = YES;
				GCC_WARN_UNUSED_VARIABLE = YES;
				LOCALIZATION_PREFERS_STRING_CATALOGS = YES;
				MTL_ENABLE_DEBUG_INFO = INCLUDE_SOURCE;
				MTL_FAST_MATH = YES;
				ONLY_ACTIVE_ARCH = YES;
				SWIFT_ACTIVE_COMPILATION_CONDITIONS = "DEBUG $(inherited)";
				SWIFT_OPTIMIZATION_LEVEL = "-Onone";
			};
			name = Debug;
		};
		9CAE3F322F7CC8A300AA0414 /* Release */ = {
			isa = XCBuildConfiguration;
			buildSettings = {
				ALWAYS_SEARCH_USER_PATHS = NO;
				ASSETCATALOG_COMPILER_GENERATE_SWIFT_ASSET_SYMBOL_EXTENSIONS = YES;
				CLANG_ANALYZER_NONNULL = YES;
				CLANG_ANALYZER_NUMBER_OBJECT_CONVERSION = YES_AGGRESSIVE;
				CLANG_CXX_LANGUAGE_STANDARD = "gnu++20";
				CLANG_ENABLE_MODULES = YES;
				CLANG_ENABLE_OBJC_ARC = YES;
				CLANG_ENABLE_OBJC_WEAK = YES;
				CLANG_WARN_BLOCK_CAPTURE_AUTORELEASING = YES;
				CLANG_WARN_BOOL_CONVERSION = YES;
				CLANG_WARN_COMMA = YES;
				CLANG_WARN_CONSTANT_CONVERSION = YES;
				CLANG_WARN_DEPRECATED_OBJC_IMPLEMENTATIONS = YES;
				CLANG_WARN_DIRECT_OBJC_ISA_USAGE = YES_ERROR;
				CLANG_WARN_DOCUMENTATION_COMMENTS = YES;
				CLANG_WARN_EMPTY_BODY = YES;
				CLANG_WARN_ENUM_CONVERSION = YES;
				CLANG_WARN_INFINITE_RECURSION = YES;
				CLANG_WARN_INT_CONVERSION = YES;
				CLANG_WARN_NON_LITERAL_NULL_CONVERSION = YES;
				CLANG_WARN_OBJC_IMPLICIT_RETAIN_SELF = YES;
				CLANG_WARN_OBJC_LITERAL_CONVERSION = YES;
				CLANG_WARN_OBJC_ROOT_CLASS = YES_ERROR;
				CLANG_WARN_QUOTED_INCLUDE_IN_FRAMEWORK_HEADER = YES;
				CLANG_WARN_RANGE_LOOP_ANALYSIS = YES;
				CLANG_WARN_STRICT_PROTOTYPES = YES;
				CLANG_WARN_SUSPICIOUS_MOVE = YES;
				CLANG_WARN_UNGUARDED_AVAILABILITY = YES_AGGRESSIVE;
				CLANG_WARN_UNREACHABLE_CODE = YES;
				CLANG_WARN__DUPLICATE_METHOD_MATCH = YES;
				COPY_PHASE_STRIP = NO;
				DEBUG_INFORMATION_FORMAT = "dwarf-with-dsym";
				ENABLE_NS_ASSERTIONS = NO;
				ENABLE_STRICT_OBJC_MSGSEND = YES;
				ENABLE_USER_SCRIPT_SANDBOXING = YES;
				GCC_C_LANGUAGE_STANDARD = gnu17;
				GCC_NO_COMMON_BLOCKS = YES;
				GCC_WARN_64_TO_32_BIT_CONVERSION = YES;
				GCC_WARN_ABOUT_RETURN_TYPE = YES_ERROR;
				GCC_WARN_UNDECLARED_SELECTOR = YES;
				GCC_WARN_UNINITIALIZED_AUTOS = YES_AGGRESSIVE;
				GCC_WARN_UNUSED_FUNCTION = YES;
				GCC_WARN_UNUSED_VARIABLE = YES;
				LOCALIZATION_PREFERS_STRING_CATALOGS = YES;
				MTL_ENABLE_DEBUG_INFO = NO;
				MTL_FAST_MATH = YES;
				SWIFT_COMPILATION_MODE = wholemodule;
			};
			name = Release;
		};
		9CAE3F342F7CC8A300AA0414 /* Debug */ = {
			isa = XCBuildConfiguration;
			buildSettings = {
				ASSETCATALOG_COMPILER_APPICON_NAME = AppIcon;
				ASSETCATALOG_COMPILER_GLOBAL_ACCENT_COLOR_NAME = AccentColor;
				CODE_SIGN_STYLE = Automatic;
				CURRENT_PROJECT_VERSION = 1;
				DEVELOPMENT_TEAM = 9WCDSNG464;
				ENABLE_APP_SANDBOX = YES;
				ENABLE_PREVIEWS = YES;
				ENABLE_USER_SELECTED_FILES = readonly;
				GENERATE_INFOPLIST_FILE = YES;
				"INFOPLIST_KEY_UIApplicationSceneManifest_Generation[sdk=iphoneos*]" = YES;
				"INFOPLIST_KEY_UIApplicationSceneManifest_Generation[sdk=iphonesimulator*]" = YES;
				"INFOPLIST_KEY_UIApplicationSupportsIndirectInputEvents[sdk=iphoneos*]" = YES;
				"INFOPLIST_KEY_UIApplicationSupportsIndirectInputEvents[sdk=iphonesimulator*]" = YES;
				"INFOPLIST_KEY_UILaunchScreen_Generation[sdk=iphoneos*]" = YES;
				"INFOPLIST_KEY_UILaunchScreen_Generation[sdk=iphonesimulator*]" = YES;
				"INFOPLIST_KEY_UIStatusBarStyle[sdk=iphoneos*]" = UIStatusBarStyleDefault;
				"INFOPLIST_KEY_UIStatusBarStyle[sdk=iphonesimulator*]" = UIStatusBarStyleDefault;
				INFOPLIST_KEY_UISupportedInterfaceOrientations_iPad = "UIInterfaceOrientationPortrait UIInterfaceOrientationPortraitUpsideDown UIInterfaceOrientationLandscapeLeft UIInterfaceOrientationLandscapeRight";
				INFOPLIST_KEY_UISupportedInterfaceOrientations_iPhone = "UIInterfaceOrientationPortrait UIInterfaceOrientationLandscapeLeft UIInterfaceOrientationLandscapeRight";
				IPHONEOS_DEPLOYMENT_TARGET = 26.0;
				LD_RUNPATH_SEARCH_PATHS = "@executable_path/Frameworks";
				"LD_RUNPATH_SEARCH_PATHS[sdk=macosx*]" = "@executable_path/../Frameworks";
				MARKETING_VERSION = 1.0;
				PRODUCT_BUNDLE_IDENTIFIER = "LIS.LIFE-IN-SYNC";
				PRODUCT_NAME = "$(TARGET_NAME)";
				REGISTER_APP_GROUPS = YES;
				SDKROOT = auto;
				STRING_CATALOG_GENERATE_SYMBOLS = YES;
				SUPPORTED_PLATFORMS = "iphoneos iphonesimulator";
				SWIFT_APPROACHABLE_CONCURRENCY = YES;
				SWIFT_DEFAULT_ACTOR_ISOLATION = MainActor;
				SWIFT_EMIT_LOC_STRINGS = YES;
				SWIFT_UPCOMING_FEATURE_MEMBER_IMPORT_VISIBILITY = YES;
				SWIFT_VERSION = 5.0;
				TARGETED_DEVICE_FAMILY = 1;
			};
			name = Debug;
		};
		9CAE3F352F7CC8A300AA0414 /* Release */ = {
			isa = XCBuildConfiguration;
			buildSettings = {
				ASSETCATALOG_COMPILER_APPICON_NAME = AppIcon;
				ASSETCATALOG_COMPILER_GLOBAL_ACCENT_COLOR_NAME = AccentColor;
				CODE_SIGN_STYLE = Automatic;
				CURRENT_PROJECT_VERSION = 1;
				DEVELOPMENT_TEAM = 9WCDSNG464;
				ENABLE_APP_SANDBOX = YES;
				ENABLE_PREVIEWS = YES;
				ENABLE_USER_SELECTED_FILES = readonly;
				GENERATE_INFOPLIST_FILE = YES;
				"INFOPLIST_KEY_UIApplicationSceneManifest_Generation[sdk=iphoneos*]" = YES;
				"INFOPLIST_KEY_UIApplicationSceneManifest_Generation[sdk=iphonesimulator*]" = YES;
				"INFOPLIST_KEY_UIApplicationSupportsIndirectInputEvents[sdk=iphoneos*]" = YES;
				"INFOPLIST_KEY_UIApplicationSupportsIndirectInputEvents[sdk=iphonesimulator*]" = YES;
				"INFOPLIST_KEY_UILaunchScreen_Generation[sdk=iphoneos*]" = YES;
				"INFOPLIST_KEY_UILaunchScreen_Generation[sdk=iphonesimulator*]" = YES;
				"INFOPLIST_KEY_UIStatusBarStyle[sdk=iphoneos*]" = UIStatusBarStyleDefault;
				"INFOPLIST_KEY_UIStatusBarStyle[sdk=iphonesimulator*]" = UIStatusBarStyleDefault;
				INFOPLIST_KEY_UISupportedInterfaceOrientations_iPad = "UIInterfaceOrientationPortrait UIInterfaceOrientationPortraitUpsideDown UIInterfaceOrientationLandscapeLeft UIInterfaceOrientationLandscapeRight";
				INFOPLIST_KEY_UISupportedInterfaceOrientations_iPhone = "UIInterfaceOrientationPortrait UIInterfaceOrientationLandscapeLeft UIInterfaceOrientationLandscapeRight";
				IPHONEOS_DEPLOYMENT_TARGET = 26.0;
				LD_RUNPATH_SEARCH_PATHS = "@executable_path/Frameworks";
				"LD_RUNPATH_SEARCH_PATHS[sdk=macosx*]" = "@executable_path/../Frameworks";
				MARKETING_VERSION = 1.0;
				PRODUCT_BUNDLE_IDENTIFIER = "LIS.LIFE-IN-SYNC";
				PRODUCT_NAME = "$(TARGET_NAME)";
				REGISTER_APP_GROUPS = YES;
				SDKROOT = auto;
				STRING_CATALOG_GENERATE_SYMBOLS = YES;
				SUPPORTED_PLATFORMS = "iphoneos iphonesimulator";
				SWIFT_APPROACHABLE_CONCURRENCY = YES;
				SWIFT_DEFAULT_ACTOR_ISOLATION = MainActor;
				SWIFT_EMIT_LOC_STRINGS = YES;
				SWIFT_UPCOMING_FEATURE_MEMBER_IMPORT_VISIBILITY = YES;
				SWIFT_VERSION = 5.0;
				TARGETED_DEVICE_FAMILY = 1;
			};
			name = Release;
		};
		9CAE3F372F7CC8A300AA0414 /* Debug */ = {
			isa = XCBuildConfiguration;
			buildSettings = {
				BUNDLE_LOADER = "$(TEST_HOST)";
				CODE_SIGN_STYLE = Automatic;
				CURRENT_PROJECT_VERSION = 1;
				DEVELOPMENT_TEAM = 9WCDSNG464;
				GENERATE_INFOPLIST_FILE = YES;
				IPHONEOS_DEPLOYMENT_TARGET = 26.4;
				MARKETING_VERSION = 1.0;
				PRODUCT_BUNDLE_IDENTIFIER = "LIS.LIFE-IN-SYNCTests";
				PRODUCT_NAME = "$(TARGET_NAME)";
				SDKROOT = auto;
				STRING_CATALOG_GENERATE_SYMBOLS = NO;
				SUPPORTED_PLATFORMS = "iphoneos iphonesimulator";
				SWIFT_APPROACHABLE_CONCURRENCY = YES;
				SWIFT_EMIT_LOC_STRINGS = NO;
				SWIFT_UPCOMING_FEATURE_MEMBER_IMPORT_VISIBILITY = YES;
				SWIFT_VERSION = 5.0;
				TARGETED_DEVICE_FAMILY = 1;
				TEST_HOST = "$(BUILT_PRODUCTS_DIR)/LIFE-IN-SYNC.app/$(BUNDLE_EXECUTABLE_FOLDER_PATH)/LIFE-IN-SYNC";
			};
			name = Debug;
		};
		9CAE3F382F7CC8A300AA0414 /* Release */ = {
			isa = XCBuildConfiguration;
			buildSettings = {
				BUNDLE_LOADER = "$(TEST_HOST)";
				CODE_SIGN_STYLE = Automatic;
				CURRENT_PROJECT_VERSION = 1;
				DEVELOPMENT_TEAM = 9WCDSNG464;
				GENERATE_INFOPLIST_FILE = YES;
				IPHONEOS_DEPLOYMENT_TARGET = 26.4;
				MARKETING_VERSION = 1.0;
				PRODUCT_BUNDLE_IDENTIFIER = "LIS.LIFE-IN-SYNCTests";
				PRODUCT_NAME = "$(TARGET_NAME)";
				SDKROOT = auto;
				STRING_CATALOG_GENERATE_SYMBOLS = NO;
				SUPPORTED_PLATFORMS = "iphoneos iphonesimulator";
				SWIFT_APPROACHABLE_CONCURRENCY = YES;
				SWIFT_EMIT_LOC_STRINGS = NO;
				SWIFT_UPCOMING_FEATURE_MEMBER_IMPORT_VISIBILITY = YES;
				SWIFT_VERSION = 5.0;
				TARGETED_DEVICE_FAMILY = 1;
				TEST_HOST = "$(BUILT_PRODUCTS_DIR)/LIFE-IN-SYNC.app/$(BUNDLE_EXECUTABLE_FOLDER_PATH)/LIFE-IN-SYNC";
			};
			name = Release;
		};
		9CAE3F3A2F7CC8A300AA0414 /* Debug */ = {
			isa = XCBuildConfiguration;
			buildSettings = {
				CODE_SIGN_STYLE = Automatic;
				CURRENT_PROJECT_VERSION = 1;
				DEVELOPMENT_TEAM = 9WCDSNG464;
				GENERATE_INFOPLIST_FILE = YES;
				IPHONEOS_DEPLOYMENT_TARGET = 26.4;
				MARKETING_VERSION = 1.0;
				PRODUCT_BUNDLE_IDENTIFIER = "LIS.LIFE-IN-SYNCUITests";
				PRODUCT_NAME = "$(TARGET_NAME)";
				SDKROOT = auto;
				STRING_CATALOG_GENERATE_SYMBOLS = NO;
				SUPPORTED_PLATFORMS = "iphoneos iphonesimulator";
				SWIFT_APPROACHABLE_CONCURRENCY = YES;
				SWIFT_EMIT_LOC_STRINGS = NO;
				SWIFT_UPCOMING_FEATURE_MEMBER_IMPORT_VISIBILITY = YES;
				SWIFT_VERSION = 5.0;
				TARGETED_DEVICE_FAMILY = 1;
				TEST_TARGET_NAME = "LIFE-IN-SYNC";
			};
			name = Debug;
		};
		9CAE3F3B2F7CC8A300AA0414 /* Release */ = {
			isa = XCBuildConfiguration;
			buildSettings = {
				CODE_SIGN_STYLE = Automatic;
				CURRENT_PROJECT_VERSION = 1;
				DEVELOPMENT_TEAM = 9WCDSNG464;
				GENERATE_INFOPLIST_FILE = YES;
				IPHONEOS_DEPLOYMENT_TARGET = 26.4;
				MARKETING_VERSION = 1.0;
				PRODUCT_BUNDLE_IDENTIFIER = "LIS.LIFE-IN-SYNCUITests";
				PRODUCT_NAME = "$(TARGET_NAME)";
				SDKROOT = auto;
				STRING_CATALOG_GENERATE_SYMBOLS = NO;
				SUPPORTED_PLATFORMS = "iphoneos iphonesimulator";
				SWIFT_APPROACHABLE_CONCURRENCY = YES;
				SWIFT_EMIT_LOC_STRINGS = NO;
				SWIFT_UPCOMING_FEATURE_MEMBER_IMPORT_VISIBILITY = YES;
				SWIFT_VERSION = 5.0;
				TARGETED_DEVICE_FAMILY = 1;
				TEST_TARGET_NAME = "LIFE-IN-SYNC";
			};
			name = Release;
		};
/* End XCBuildConfiguration section */

/* Begin XCConfigurationList section */
		9CAE3F0B2F7CC8A200AA0414 /* Build configuration list for PBXProject "LIFE-IN-SYNC" */ = {
			isa = XCConfigurationList;
			buildConfigurations = (
				9CAE3F312F7CC8A300AA0414 /* Debug */,
				9CAE3F322F7CC8A300AA0414 /* Release */,
			);
			defaultConfigurationIsVisible = 0;
			defaultConfigurationName = Release;
		};
		9CAE3F332F7CC8A300AA0414 /* Build configuration list for PBXNativeTarget "LIFE-IN-SYNC" */ = {
			isa = XCConfigurationList;
			buildConfigurations = (
				9CAE3F342F7CC8A300AA0414 /* Debug */,
				9CAE3F352F7CC8A300AA0414 /* Release */,
			);
			defaultConfigurationIsVisible = 0;
			defaultConfigurationName = Release;
		};
		9CAE3F362F7CC8A300AA0414 /* Build configuration list for PBXNativeTarget "LIFE-IN-SYNCTests" */ = {
			isa = XCConfigurationList;
			buildConfigurations = (
				9CAE3F372F7CC8A300AA0414 /* Debug */,
				9CAE3F382F7CC8A300AA0414 /* Release */,
			);
			defaultConfigurationIsVisible = 0;
			defaultConfigurationName = Release;
		};
		9CAE3F392F7CC8A300AA0414 /* Build configuration list for PBXNativeTarget "LIFE-IN-SYNCUITests" */ = {
			isa = XCConfigurationList;
			buildConfigurations = (
				9CAE3F3A2F7CC8A300AA0414 /* Debug */,
				9CAE3F3B2F7CC8A300AA0414 /* Release */,
			);
			defaultConfigurationIsVisible = 0;
			defaultConfigurationName = Release;
		};
/* End XCConfigurationList section */
	};
	rootObject = 9CAE3F082F7CC8A200AA0414 /* Project object */;
}
